// !$*UTF8*$!
{
	archiveVersion = 1;
	classes = {
	};
	objectVersion = 56;
	objects = {

/* Begin PBXBuildFile section */
		0321709F2981668F00533873 /* CreateNewPost.swift in Sources */ = {isa = PBXBuildFile; fileRef = 0321709E2981668F00533873 /* CreateNewPost.swift */; };
		032170A1298166B600533873 /* Post.swift in Sources */ = {isa = PBXBuildFile; fileRef = 032170A0298166B600533873 /* Post.swift */; };
		032170A32982A7D400533873 /* PostsView.swift in Sources */ = {isa = PBXBuildFile; fileRef = 032170A22982A7D400533873 /* PostsView.swift */; };
		035BF767297D276E001F38CA /* RegisterView.swift in Sources */ = {isa = PBXBuildFile; fileRef = 035BF766297D276E001F38CA /* RegisterView.swift */; };
		035BF76A297D27FE001F38CA /* View+Extensions.swift in Sources */ = {isa = PBXBuildFile; fileRef = 035BF769297D27FE001F38CA /* View+Extensions.swift */; };
		035BF76C297D2856001F38CA /* MainView.swift in Sources */ = {isa = PBXBuildFile; fileRef = 035BF76B297D2856001F38CA /* MainView.swift */; };
		035BF76E297D299B001F38CA /* ProfileView.swift in Sources */ = {isa = PBXBuildFile; fileRef = 035BF76D297D299B001F38CA /* ProfileView.swift */; };
		035BF770297D332A001F38CA /* ReusableProfileContent.swift in Sources */ = {isa = PBXBuildFile; fileRef = 035BF76F297D332A001F38CA /* ReusableProfileContent.swift */; };
		035BF773297D347A001F38CA /* SDWebImageSwiftUI in Frameworks */ = {isa = PBXBuildFile; productRef = 035BF772297D347A001F38CA /* SDWebImageSwiftUI */; };
		038F32802991468C009309AC /* PostCardView.swift in Sources */ = {isa = PBXBuildFile; fileRef = 038F327F2991468C009309AC /* PostCardView.swift */; };
		03A6E077298EB40F00A7D023 /* ReusablePostsView.swift in Sources */ = {isa = PBXBuildFile; fileRef = 03A6E076298EB40F00A7D023 /* ReusablePostsView.swift */; };
		03D7C968295CD2A30040CB29 /* LocalTwitterApp.swift in Sources */ = {isa = PBXBuildFile; fileRef = 03D7C967295CD2A30040CB29 /* LocalTwitterApp.swift */; };
		03D7C96A295CD2A30040CB29 /* ContentView.swift in Sources */ = {isa = PBXBuildFile; fileRef = 03D7C969295CD2A30040CB29 /* ContentView.swift */; };
		03D7C96C295CD2A50040CB29 /* Assets.xcassets in Resources */ = {isa = PBXBuildFile; fileRef = 03D7C96B295CD2A50040CB29 /* Assets.xcassets */; };
		03D7C96F295CD2A50040CB29 /* Preview Assets.xcassets in Resources */ = {isa = PBXBuildFile; fileRef = 03D7C96E295CD2A50040CB29 /* Preview Assets.xcassets */; };
		03D7C978295CD3740040CB29 /* GoogleService-Info.plist in Resources */ = {isa = PBXBuildFile; fileRef = 03D7C977295CD3740040CB29 /* GoogleService-Info.plist */; };
		03D7C97B295CD3E10040CB29 /* FirebaseAuth in Frameworks */ = {isa = PBXBuildFile; productRef = 03D7C97A295CD3E10040CB29 /* FirebaseAuth */; };
		03D7C97F295CD4320040CB29 /* LoginView.swift in Sources */ = {isa = PBXBuildFile; fileRef = 03D7C97E295CD4320040CB29 /* LoginView.swift */; };
		03D7C982295CEB830040CB29 /* FirebaseFirestore in Frameworks */ = {isa = PBXBuildFile; productRef = 03D7C981295CEB830040CB29 /* FirebaseFirestore */; };
		03D7C984295CEB830040CB29 /* FirebaseFirestoreSwift in Frameworks */ = {isa = PBXBuildFile; productRef = 03D7C983295CEB830040CB29 /* FirebaseFirestoreSwift */; };
		03D7C986295CEB910040CB29 /* FirebaseStorage in Frameworks */ = {isa = PBXBuildFile; productRef = 03D7C985295CEB910040CB29 /* FirebaseStorage */; };
		03D7C988295DFF120040CB29 /* User.swift in Sources */ = {isa = PBXBuildFile; fileRef = 03D7C987295DFF120040CB29 /* User.swift */; };
		03D7C98A295E0A3E0040CB29 /* LoadingView.swift in Sources */ = {isa = PBXBuildFile; fileRef = 03D7C989295E0A3E0040CB29 /* LoadingView.swift */; };
/* End PBXBuildFile section */

/* Begin PBXFileReference section */
		0321709E2981668F00533873 /* CreateNewPost.swift */ = {isa = PBXFileReference; lastKnownFileType = sourcecode.swift; path = CreateNewPost.swift; sourceTree = "<group>"; };
		032170A0298166B600533873 /* Post.swift */ = {isa = PBXFileReference; lastKnownFileType = sourcecode.swift; path = Post.swift; sourceTree = "<group>"; };
		032170A22982A7D400533873 /* PostsView.swift */ = {isa = PBXFileReference; lastKnownFileType = sourcecode.swift; path = PostsView.swift; sourceTree = "<group>"; };
		035BF766297D276E001F38CA /* RegisterView.swift */ = {isa = PBXFileReference; lastKnownFileType = sourcecode.swift; path = RegisterView.swift; sourceTree = "<group>"; };
		035BF769297D27FE001F38CA /* View+Extensions.swift */ = {isa = PBXFileReference; lastKnownFileType = sourcecode.swift; path = "View+Extensions.swift"; sourceTree = "<group>"; };
		035BF76B297D2856001F38CA /* MainView.swift */ = {isa = PBXFileReference; lastKnownFileType = sourcecode.swift; path = MainView.swift; sourceTree = "<group>"; };
		035BF76D297D299B001F38CA /* ProfileView.swift */ = {isa = PBXFileReference; lastKnownFileType = sourcecode.swift; path = ProfileView.swift; sourceTree = "<group>"; };
		035BF76F297D332A001F38CA /* ReusableProfileContent.swift */ = {isa = PBXFileReference; lastKnownFileType = sourcecode.swift; path = ReusableProfileContent.swift; sourceTree = "<group>"; };
		038F327F2991468C009309AC /* PostCardView.swift */ = {isa = PBXFileReference; lastKnownFileType = sourcecode.swift; path = PostCardView.swift; sourceTree = "<group>"; };
		03A6E076298EB40F00A7D023 /* ReusablePostsView.swift */ = {isa = PBXFileReference; lastKnownFileType = sourcecode.swift; path = ReusablePostsView.swift; sourceTree = "<group>"; };
		03D7C964295CD2A30040CB29 /* LocalTwitter.app */ = {isa = PBXFileReference; explicitFileType = wrapper.application; includeInIndex = 0; path = LocalTwitter.app; sourceTree = BUILT_PRODUCTS_DIR; };
		03D7C967295CD2A30040CB29 /* LocalTwitterApp.swift */ = {isa = PBXFileReference; lastKnownFileType = sourcecode.swift; path = LocalTwitterApp.swift; sourceTree = "<group>"; };
		03D7C969295CD2A30040CB29 /* ContentView.swift */ = {isa = PBXFileReference; lastKnownFileType = sourcecode.swift; path = ContentView.swift; sourceTree = "<group>"; };
		03D7C96B295CD2A50040CB29 /* Assets.xcassets */ = {isa = PBXFileReference; lastKnownFileType = folder.assetcatalog; path = Assets.xcassets; sourceTree = "<group>"; };
		03D7C96E295CD2A50040CB29 /* Preview Assets.xcassets */ = {isa = PBXFileReference; lastKnownFileType = folder.assetcatalog; path = "Preview Assets.xcassets"; sourceTree = "<group>"; };
		03D7C977295CD3740040CB29 /* GoogleService-Info.plist */ = {isa = PBXFileReference; fileEncoding = 4; lastKnownFileType = text.plist.xml; path = "GoogleService-Info.plist"; sourceTree = "<group>"; };
		03D7C97E295CD4320040CB29 /* LoginView.swift */ = {isa = PBXFileReference; lastKnownFileType = sourcecode.swift; path = LoginView.swift; sourceTree = "<group>"; };
		03D7C987295DFF120040CB29 /* User.swift */ = {isa = PBXFileReference; lastKnownFileType = sourcecode.swift; path = User.swift; sourceTree = "<group>"; };
		03D7C989295E0A3E0040CB29 /* LoadingView.swift */ = {isa = PBXFileReference; lastKnownFileType = sourcecode.swift; path = LoadingView.swift; sourceTree = "<group>"; };
/* End PBXFileReference section */

/* Begin PBXFrameworksBuildPhase section */
		03D7C961295CD2A30040CB29 /* Frameworks */ = {
			isa = PBXFrameworksBuildPhase;
			buildActionMask = 2147483647;
			files = (
				035BF773297D347A001F38CA /* SDWebImageSwiftUI in Frameworks */,
				03D7C97B295CD3E10040CB29 /* FirebaseAuth in Frameworks */,
				03D7C986295CEB910040CB29 /* FirebaseStorage in Frameworks */,
				03D7C982295CEB830040CB29 /* FirebaseFirestore in Frameworks */,
				03D7C984295CEB830040CB29 /* FirebaseFirestoreSwift in Frameworks */,
			);
			runOnlyForDeploymentPostprocessing = 0;
		};
/* End PBXFrameworksBuildPhase section */

/* Begin PBXGroup section */
		035BF764297D2748001F38CA /* Login */ = {
			isa = PBXGroup;
			children = (
				03D7C97E295CD4320040CB29 /* LoginView.swift */,
				035BF766297D276E001F38CA /* RegisterView.swift */,
			);
			path = Login;
			sourceTree = "<group>";
		};
		035BF765297D2751001F38CA /* MainView */ = {
			isa = PBXGroup;
			children = (
				035BF76B297D2856001F38CA /* MainView.swift */,
				035BF76D297D299B001F38CA /* ProfileView.swift */,
				035BF76F297D332A001F38CA /* ReusableProfileContent.swift */,
				0321709E2981668F00533873 /* CreateNewPost.swift */,
				032170A22982A7D400533873 /* PostsView.swift */,
				03A6E076298EB40F00A7D023 /* ReusablePostsView.swift */,
				038F327F2991468C009309AC /* PostCardView.swift */,
			);
			path = MainView;
			sourceTree = "<group>";
		};
		035BF768297D27E1001F38CA /* Helpers */ = {
			isa = PBXGroup;
			children = (
				035BF769297D27FE001F38CA /* View+Extensions.swift */,
			);
			path = Helpers;
			sourceTree = "<group>";
		};
		03D7C95B295CD2A30040CB29 = {
			isa = PBXGroup;
			children = (
				03D7C966295CD2A30040CB29 /* LocalTwitter */,
				03D7C965295CD2A30040CB29 /* Products */,
				03D7C980295CEB830040CB29 /* Frameworks */,
			);
			sourceTree = "<group>";
		};
		03D7C965295CD2A30040CB29 /* Products */ = {
			isa = PBXGroup;
			children = (
				03D7C964295CD2A30040CB29 /* LocalTwitter.app */,
			);
			name = Products;
			sourceTree = "<group>";
		};
		03D7C966295CD2A30040CB29 /* LocalTwitter */ = {
			isa = PBXGroup;
			children = (
				03D7C97D295CD4130040CB29 /* Model */,
				03D7C97C295CD3F70040CB29 /* View */,
				03D7C977295CD3740040CB29 /* GoogleService-Info.plist */,
				03D7C967295CD2A30040CB29 /* LocalTwitterApp.swift */,
				03D7C969295CD2A30040CB29 /* ContentView.swift */,
				03D7C96B295CD2A50040CB29 /* Assets.xcassets */,
				03D7C96D295CD2A50040CB29 /* Preview Content */,
			);
			path = LocalTwitter;
			sourceTree = "<group>";
		};
		03D7C96D295CD2A50040CB29 /* Preview Content */ = {
			isa = PBXGroup;
			children = (
				03D7C96E295CD2A50040CB29 /* Preview Assets.xcassets */,
			);
			path = "Preview Content";
			sourceTree = "<group>";
		};
		03D7C97C295CD3F70040CB29 /* View */ = {
			isa = PBXGroup;
			children = (
				035BF768297D27E1001F38CA /* Helpers */,
				035BF765297D2751001F38CA /* MainView */,
				035BF764297D2748001F38CA /* Login */,
				03D7C989295E0A3E0040CB29 /* LoadingView.swift */,
			);
			path = View;
			sourceTree = "<group>";
		};
		03D7C97D295CD4130040CB29 /* Model */ = {
			isa = PBXGroup;
			children = (
				03D7C987295DFF120040CB29 /* User.swift */,
				032170A0298166B600533873 /* Post.swift */,
			);
			path = Model;
			sourceTree = "<group>";
		};
		03D7C980295CEB830040CB29 /* Frameworks */ = {
			isa = PBXGroup;
			children = (
			);
			name = Frameworks;
			sourceTree = "<group>";
		};
/* End PBXGroup section */

/* Begin PBXNativeTarget section */
		03D7C963295CD2A30040CB29 /* LocalTwitter */ = {
			isa = PBXNativeTarget;
			buildConfigurationList = 03D7C972295CD2A50040CB29 /* Build configuration list for PBXNativeTarget "LocalTwitter" */;
			buildPhases = (
				03D7C960295CD2A30040CB29 /* Sources */,
				03D7C961295CD2A30040CB29 /* Frameworks */,
				03D7C962295CD2A30040CB29 /* Resources */,
			);
			buildRules = (
			);
			dependencies = (
			);
			name = LocalTwitter;
			packageProductDependencies = (
				03D7C97A295CD3E10040CB29 /* FirebaseAuth */,
				03D7C981295CEB830040CB29 /* FirebaseFirestore */,
				03D7C983295CEB830040CB29 /* FirebaseFirestoreSwift */,
				03D7C985295CEB910040CB29 /* FirebaseStorage */,
				035BF772297D347A001F38CA /* SDWebImageSwiftUI */,
			);
			productName = LocalTwitter;
			productReference = 03D7C964295CD2A30040CB29 /* LocalTwitter.app */;
			productType = "com.apple.product-type.application";
		};
/* End PBXNativeTarget section */

/* Begin PBXProject section */
		03D7C95C295CD2A30040CB29 /* Project object */ = {
			isa = PBXProject;
			attributes = {
				BuildIndependentTargetsInParallel = 1;
				LastSwiftUpdateCheck = 1400;
				LastUpgradeCheck = 1400;
				TargetAttributes = {
					03D7C963295CD2A30040CB29 = {
						CreatedOnToolsVersion = 14.0;
					};
				};
			};
			buildConfigurationList = 03D7C95F295CD2A30040CB29 /* Build configuration list for PBXProject "LocalTwitter" */;
			compatibilityVersion = "Xcode 14.0";
			developmentRegion = en;
			hasScannedForEncodings = 0;
			knownRegions = (
				en,
				Base,
			);
			mainGroup = 03D7C95B295CD2A30040CB29;
			packageReferences = (
				03D7C979295CD3E10040CB29 /* XCRemoteSwiftPackageReference "firebase-ios-sdk" */,
				035BF771297D347A001F38CA /* XCRemoteSwiftPackageReference "SDWebImageSwiftUI" */,
			);
			productRefGroup = 03D7C965295CD2A30040CB29 /* Products */;
			projectDirPath = "";
			projectRoot = "";
			targets = (
				03D7C963295CD2A30040CB29 /* LocalTwitter */,
			);
		};
/* End PBXProject section */

/* Begin PBXResourcesBuildPhase section */
		03D7C962295CD2A30040CB29 /* Resources */ = {
			isa = PBXResourcesBuildPhase;
			buildActionMask = 2147483647;
			files = (
				03D7C96F295CD2A50040CB29 /* Preview Assets.xcassets in Resources */,
				03D7C96C295CD2A50040CB29 /* Assets.xcassets in Resources */,
				03D7C978295CD3740040CB29 /* GoogleService-Info.plist in Resources */,
			);
			runOnlyForDeploymentPostprocessing = 0;
		};
/* End PBXResourcesBuildPhase section */

/* Begin PBXSourcesBuildPhase section */
		03D7C960295CD2A30040CB29 /* Sources */ = {
			isa = PBXSourcesBuildPhase;
			buildActionMask = 2147483647;
			files = (
				03D7C988295DFF120040CB29 /* User.swift in Sources */,
				035BF76E297D299B001F38CA /* ProfileView.swift in Sources */,
				035BF770297D332A001F38CA /* ReusableProfileContent.swift in Sources */,
				032170A1298166B600533873 /* Post.swift in Sources */,
				035BF76C297D2856001F38CA /* MainView.swift in Sources */,
				03D7C97F295CD4320040CB29 /* LoginView.swift in Sources */,
				03D7C96A295CD2A30040CB29 /* ContentView.swift in Sources */,
				03A6E077298EB40F00A7D023 /* ReusablePostsView.swift in Sources */,
				035BF76A297D27FE001F38CA /* View+Extensions.swift in Sources */,
				0321709F2981668F00533873 /* CreateNewPost.swift in Sources */,
				032170A32982A7D400533873 /* PostsView.swift in Sources */,
				035BF767297D276E001F38CA /* RegisterView.swift in Sources */,
				038F32802991468C009309AC /* PostCardView.swift in Sources */,
				03D7C98A295E0A3E0040CB29 /* LoadingView.swift in Sources */,
				03D7C968295CD2A30040CB29 /* LocalTwitterApp.swift in Sources */,
			);
			runOnlyForDeploymentPostprocessing = 0;
		};
/* End PBXSourcesBuildPhase section */

/* Begin XCBuildConfiguration section */
		03D7C970295CD2A50040CB29 /* Debug */ = {
			isa = XCBuildConfiguration;
			buildSettings = {
				ALWAYS_SEARCH_USER_PATHS = NO;
				CLANG_ANALYZER_NONNULL = YES;
				CLANG_ANALYZER_NUMBER_OBJECT_CONVERSION = YES_AGGRESSIVE;
				CLANG_CXX_LANGUAGE_STANDARD = "gnu++20";
				CLANG_ENABLE_MODULES = YES;
				CLANG_ENABLE_OBJC_ARC = YES;
				CLANG_ENABLE_OBJC_WEAK = YES;
				CLANG_WARN_BLOCK_CAPTURE_AUTORELEASING = YES;
				CLANG_WARN_BOOL_CONVERSION = YES;
				CLANG_WARN_COMMA = YES;
				CLANG_WARN_CONSTANT_CONVERSION = YES;
				CLANG_WARN_DEPRECATED_OBJC_IMPLEMENTATIONS = YES;
				CLANG_WARN_DIRECT_OBJC_ISA_USAGE = YES_ERROR;
				CLANG_WARN_DOCUMENTATION_COMMENTS = YES;
				CLANG_WARN_EMPTY_BODY = YES;
				CLANG_WARN_ENUM_CONVERSION = YES;
				CLANG_WARN_INFINITE_RECURSION = YES;
				CLANG_WARN_INT_CONVERSION = YES;
				CLANG_WARN_NON_LITERAL_NULL_CONVERSION = YES;
				CLANG_WARN_OBJC_IMPLICIT_RETAIN_SELF = YES;
				CLANG_WARN_OBJC_LITERAL_CONVERSION = YES;
				CLANG_WARN_OBJC_ROOT_CLASS = YES_ERROR;
				CLANG_WARN_QUOTED_INCLUDE_IN_FRAMEWORK_HEADER = YES;
				CLANG_WARN_RANGE_LOOP_ANALYSIS = YES;
				CLANG_WARN_STRICT_PROTOTYPES = YES;
				CLANG_WARN_SUSPICIOUS_MOVE = YES;
				CLANG_WARN_UNGUARDED_AVAILABILITY = YES_AGGRESSIVE;
				CLANG_WARN_UNREACHABLE_CODE = YES;
				CLANG_WARN__DUPLICATE_METHOD_MATCH = YES;
				COPY_PHASE_STRIP = NO;
				DEBUG_INFORMATION_FORMAT = dwarf;
				ENABLE_STRICT_OBJC_MSGSEND = YES;
				ENABLE_TESTABILITY = YES;
				GCC_C_LANGUAGE_STANDARD = gnu11;
				GCC_DYNAMIC_NO_PIC = NO;
				GCC_NO_COMMON_BLOCKS = YES;
				GCC_OPTIMIZATION_LEVEL = 0;
				GCC_PREPROCESSOR_DEFINITIONS = (
					"DEBUG=1",
					"$(inherited)",
				);
				GCC_WARN_64_TO_32_BIT_CONVERSION = YES;
				GCC_WARN_ABOUT_RETURN_TYPE = YES_ERROR;
				GCC_WARN_UNDECLARED_SELECTOR = YES;
				GCC_WARN_UNINITIALIZED_AUTOS = YES_AGGRESSIVE;
				GCC_WARN_UNUSED_FUNCTION = YES;
				GCC_WARN_UNUSED_VARIABLE = YES;
				IPHONEOS_DEPLOYMENT_TARGET = 16.0;
				MTL_ENABLE_DEBUG_INFO = INCLUDE_SOURCE;
				MTL_FAST_MATH = YES;
				ONLY_ACTIVE_ARCH = YES;
				SDKROOT = iphoneos;
				SWIFT_ACTIVE_COMPILATION_CONDITIONS = DEBUG;
				SWIFT_OPTIMIZATION_LEVEL = "-Onone";
			};
			name = Debug;
		};
		03D7C971295CD2A50040CB29 /* Release */ = {
			isa = XCBuildConfiguration;
			buildSettings = {
				ALWAYS_SEARCH_USER_PATHS = NO;
				CLANG_ANALYZER_NONNULL = YES;
				CLANG_ANALYZER_NUMBER_OBJECT_CONVERSION = YES_AGGRESSIVE;
				CLANG_CXX_LANGUAGE_STANDARD = "gnu++20";
				CLANG_ENABLE_MODULES = YES;
				CLANG_ENABLE_OBJC_ARC = YES;
				CLANG_ENABLE_OBJC_WEAK = YES;
				CLANG_WARN_BLOCK_CAPTURE_AUTORELEASING = YES;
				CLANG_WARN_BOOL_CONVERSION = YES;
				CLANG_WARN_COMMA = YES;
				CLANG_WARN_CONSTANT_CONVERSION = YES;
				CLANG_WARN_DEPRECATED_OBJC_IMPLEMENTATIONS = YES;
				CLANG_WARN_DIRECT_OBJC_ISA_USAGE = YES_ERROR;
				CLANG_WARN_DOCUMENTATION_COMMENTS = YES;
				CLANG_WARN_EMPTY_BODY = YES;
				CLANG_WARN_ENUM_CONVERSION = YES;
				CLANG_WARN_INFINITE_RECURSION = YES;
				CLANG_WARN_INT_CONVERSION = YES;
				CLANG_WARN_NON_LITERAL_NULL_CONVERSION = YES;
				CLANG_WARN_OBJC_IMPLICIT_RETAIN_SELF = YES;
				CLANG_WARN_OBJC_LITERAL_CONVERSION = YES;
				CLANG_WARN_OBJC_ROOT_CLASS = YES_ERROR;
				CLANG_WARN_QUOTED_INCLUDE_IN_FRAMEWORK_HEADER = YES;
				CLANG_WARN_RANGE_LOOP_ANALYSIS = YES;
				CLANG_WARN_STRICT_PROTOTYPES = YES;
				CLANG_WARN_SUSPICIOUS_MOVE = YES;
				CLANG_WARN_UNGUARDED_AVAILABILITY = YES_AGGRESSIVE;
				CLANG_WARN_UNREACHABLE_CODE = YES;
				CLANG_WARN__DUPLICATE_METHOD_MATCH = YES;
				COPY_PHASE_STRIP = NO;
				DEBUG_INFORMATION_FORMAT = "dwarf-with-dsym";
				ENABLE_NS_ASSERTIONS = NO;
				ENABLE_STRICT_OBJC_MSGSEND = YES;
				GCC_C_LANGUAGE_STANDARD = gnu11;
				GCC_NO_COMMON_BLOCKS = YES;
				GCC_WARN_64_TO_32_BIT_CONVERSION = YES;
				GCC_WARN_ABOUT_RETURN_TYPE = YES_ERROR;
				GCC_WARN_UNDECLARED_SELECTOR = YES;
				GCC_WARN_UNINITIALIZED_AUTOS = YES_AGGRESSIVE;
				GCC_WARN_UNUSED_FUNCTION = YES;
				GCC_WARN_UNUSED_VARIABLE = YES;
				IPHONEOS_DEPLOYMENT_TARGET = 16.0;
				MTL_ENABLE_DEBUG_INFO = NO;
				MTL_FAST_MATH = YES;
				SDKROOT = iphoneos;
				SWIFT_COMPILATION_MODE = wholemodule;
				SWIFT_OPTIMIZATION_LEVEL = "-O";
				VALIDATE_PRODUCT = YES;
			};
			name = Release;
		};
		03D7C973295CD2A50040CB29 /* Debug */ = {
			isa = XCBuildConfiguration;
			buildSettings = {
				ASSETCATALOG_COMPILER_APPICON_NAME = AppIcon;
				ASSETCATALOG_COMPILER_GLOBAL_ACCENT_COLOR_NAME = AccentColor;
				CODE_SIGN_STYLE = Automatic;
				CURRENT_PROJECT_VERSION = 1;
				DEVELOPMENT_ASSET_PATHS = "\"LocalTwitter/Preview Content\"";
				DEVELOPMENT_TEAM = CS22N9WW2T;
				ENABLE_PREVIEWS = YES;
				GENERATE_INFOPLIST_FILE = YES;
				INFOPLIST_KEY_UIApplicationSceneManifest_Generation = YES;
				INFOPLIST_KEY_UIApplicationSupportsIndirectInputEvents = YES;
				INFOPLIST_KEY_UILaunchScreen_Generation = YES;
				INFOPLIST_KEY_UISupportedInterfaceOrientations_iPad = "UIInterfaceOrientationPortrait UIInterfaceOrientationPortraitUpsideDown UIInterfaceOrientationLandscapeLeft UIInterfaceOrientationLandscapeRight";
				INFOPLIST_KEY_UISupportedInterfaceOrientations_iPhone = "UIInterfaceOrientationPortrait UIInterfaceOrientationLandscapeLeft UIInterfaceOrientationLandscapeRight";
				LD_RUNPATH_SEARCH_PATHS = (
					"$(inherited)",
					"@executable_path/Frameworks",
				);
				MARKETING_VERSION = 1.0;
				PRODUCT_BUNDLE_IDENTIFIER = com.akherik.LocalTwitter;
				PRODUCT_NAME = "$(TARGET_NAME)";
				SWIFT_EMIT_LOC_STRINGS = YES;
				SWIFT_VERSION = 5.0;
				TARGETED_DEVICE_FAMILY = "1,2";
			};
			name = Debug;
		};
		03D7C974295CD2A50040CB29 /* Release */ = {
			isa = XCBuildConfiguration;
			buildSettings = {
				ASSETCATALOG_COMPILER_APPICON_NAME = AppIcon;
				ASSETCATALOG_COMPILER_GLOBAL_ACCENT_COLOR_NAME = AccentColor;
				CODE_SIGN_STYLE = Automatic;
				CURRENT_PROJECT_VERSION = 1;
				DEVELOPMENT_ASSET_PATHS = "\"LocalTwitter/Preview Content\"";
				DEVELOPMENT_TEAM = CS22N9WW2T;
				ENABLE_PREVIEWS = YES;
				GENERATE_INFOPLIST_FILE = YES;
				INFOPLIST_KEY_UIApplicationSceneManifest_Generation = YES;
				INFOPLIST_KEY_UIApplicationSupportsIndirectInputEvents = YES;
				INFOPLIST_KEY_UILaunchScreen_Generation = YES;
				INFOPLIST_KEY_UISupportedInterfaceOrientations_iPad = "UIInterfaceOrientationPortrait UIInterfaceOrientationPortraitUpsideDown UIInterfaceOrientationLandscapeLeft UIInterfaceOrientationLandscapeRight";
				INFOPLIST_KEY_UISupportedInterfaceOrientations_iPhone = "UIInterfaceOrientationPortrait UIInterfaceOrientationLandscapeLeft UIInterfaceOrientationLandscapeRight";
				LD_RUNPATH_SEARCH_PATHS = (
					"$(inherited)",
					"@executable_path/Frameworks",
				);
				MARKETING_VERSION = 1.0;
				PRODUCT_BUNDLE_IDENTIFIER = com.akherik.LocalTwitter;
				PRODUCT_NAME = "$(TARGET_NAME)";
				SWIFT_EMIT_LOC_STRINGS = YES;
				SWIFT_VERSION = 5.0;
				TARGETED_DEVICE_FAMILY = "1,2";
			};
			name = Release;
		};
/* End XCBuildConfiguration section */

/* Begin XCConfigurationList section */
		03D7C95F295CD2A30040CB29 /* Build configuration list for PBXProject "LocalTwitter" */ = {
			isa = XCConfigurationList;
			buildConfigurations = (
				03D7C970295CD2A50040CB29 /* Debug */,
				03D7C971295CD2A50040CB29 /* Release */,
			);
			defaultConfigurationIsVisible = 0;
			defaultConfigurationName = Release;
		};
		03D7C972295CD2A50040CB29 /* Build configuration list for PBXNativeTarget "LocalTwitter" */ = {
			isa = XCConfigurationList;
			buildConfigurations = (
				03D7C973295CD2A50040CB29 /* Debug */,
				03D7C974295CD2A50040CB29 /* Release */,
			);
			defaultConfigurationIsVisible = 0;
			defaultConfigurationName = Release;
		};
/* End XCConfigurationList section */

/* Begin XCRemoteSwiftPackageReference section */
		035BF771297D347A001F38CA /* XCRemoteSwiftPackageReference "SDWebImageSwiftUI" */ = {
			isa = XCRemoteSwiftPackageReference;
			repositoryURL = "https://github.com/SDWebImage/SDWebImageSwiftUI";
			requirement = {
				kind = upToNextMajorVersion;
				minimumVersion = 2.0.0;
			};
		};
		03D7C979295CD3E10040CB29 /* XCRemoteSwiftPackageReference "firebase-ios-sdk" */ = {
			isa = XCRemoteSwiftPackageReference;
			repositoryURL = "https://github.com/firebase/firebase-ios-sdk";
			requirement = {
				branch = master;
				kind = branch;
			};
		};
/* End XCRemoteSwiftPackageReference section */

/* Begin XCSwiftPackageProductDependency section */
		035BF772297D347A001F38CA /* SDWebImageSwiftUI */ = {
			isa = XCSwiftPackageProductDependency;
			package = 035BF771297D347A001F38CA /* XCRemoteSwiftPackageReference "SDWebImageSwiftUI" */;
			productName = SDWebImageSwiftUI;
		};
		03D7C97A295CD3E10040CB29 /* FirebaseAuth */ = {
			isa = XCSwiftPackageProductDependency;
			package = 03D7C979295CD3E10040CB29 /* XCRemoteSwiftPackageReference "firebase-ios-sdk" */;
			productName = FirebaseAuth;
		};
		03D7C981295CEB830040CB29 /* FirebaseFirestore */ = {
			isa = XCSwiftPackageProductDependency;
			package = 03D7C979295CD3E10040CB29 /* XCRemoteSwiftPackageReference "firebase-ios-sdk" */;
			productName = FirebaseFirestore;
		};
		03D7C983295CEB830040CB29 /* FirebaseFirestoreSwift */ = {
			isa = XCSwiftPackageProductDependency;
			package = 03D7C979295CD3E10040CB29 /* XCRemoteSwiftPackageReference "firebase-ios-sdk" */;
			productName = FirebaseFirestoreSwift;
		};
		03D7C985295CEB910040CB29 /* FirebaseStorage */ = {
			isa = XCSwiftPackageProductDependency;
			package = 03D7C979295CD3E10040CB29 /* XCRemoteSwiftPackageReference "firebase-ios-sdk" */;
			productName = FirebaseStorage;
		};
/* End XCSwiftPackageProductDependency section */
	};
	rootObject = 03D7C95C295CD2A30040CB29 /* Project object */;
}
